{
  "name": "one-punch",
  "version": "0.0.0",
  "lockfileVersion": 1,
  "requires": true,
  "dependencies": {
    "accepts": {
      "version": "http://r.cnpmjs.org/accepts/download/accepts-1.3.3.tgz",
      "integrity": "sha1-w8p0NJOGSMPg2cHjKN1otiLChMo=",
      "requires": {
        "mime-types": "https://registry.npm.taobao.org/mime-types/download/mime-types-2.1.16.tgz",
        "negotiator": "http://r.cnpmjs.org/negotiator/download/negotiator-0.6.1.tgz"
      }
    },
    "array-flatten": {
      "version": "https://registry.npm.taobao.org/array-flatten/download/array-flatten-1.1.1.tgz",
      "integrity": "sha1-ml9pkFGx5wczKPKgCJaLZOopVdI="
    },
    "async": {
      "version": "https://registry.npm.taobao.org/async/download/async-2.1.4.tgz",
      "integrity": "sha1-LSFgx3iAMuTdbL4lAvH5osj2zeQ=",
      "requires": {
        "lodash": "http://r.cnpmjs.org/lodash/download/lodash-4.17.4.tgz"
      }
    },
    "base64url": {
      "version": "2.0.0",
      "resolved": "http://registry.npm.taobao.org/base64url/download/base64url-2.0.0.tgz",
      "integrity": "sha1-6sFuA+oUOO/5Qj1puqNiYu0fcLs="
    },
    "basic-auth": {
      "version": "https://registry.npm.taobao.org/basic-auth/download/basic-auth-1.1.0.tgz",
      "integrity": "sha1-RSIe5Cn37h5QNb4/UVM/HN/SmIQ="
    },
    "bluebird": {
      "version": "https://registry.npm.taobao.org/bluebird/download/bluebird-3.5.0.tgz",
      "integrity": "sha1-eRQg1/VR7qKJdFOop3ZT+WYG1nw="
    },
    "body-parser": {
      "version": "https://registry.npm.taobao.org/body-parser/download/body-parser-1.17.2.tgz",
      "integrity": "sha1-+IkqvI+eYn1Crtr7yma/WrmRBO4=",
      "requires": {
        "bytes": "https://registry.npm.taobao.org/bytes/download/bytes-2.4.0.tgz",
        "content-type": "https://registry.npm.taobao.org/content-type/download/content-type-1.0.2.tgz",
        "debug": "https://registry.npm.taobao.org/debug/download/debug-2.6.7.tgz",
        "depd": "https://registry.npm.taobao.org/depd/download/depd-1.1.1.tgz",
        "http-errors": "http://r.cnpmjs.org/http-errors/download/http-errors-1.6.1.tgz",
        "iconv-lite": "https://registry.npm.taobao.org/iconv-lite/download/iconv-lite-0.4.15.tgz",
        "on-finished": "http://r.cnpmjs.org/on-finished/download/on-finished-2.3.0.tgz",
        "qs": "https://registry.npm.taobao.org/qs/download/qs-6.4.0.tgz",
        "raw-body": "https://registry.npm.taobao.org/raw-body/download/raw-body-2.2.0.tgz",
        "type-is": "https://registry.npm.taobao.org/type-is/download/type-is-1.6.15.tgz"
      },
      "dependencies": {
        "debug": {
          "version": "https://registry.npm.taobao.org/debug/download/debug-2.6.7.tgz",
          "integrity": "sha1-krrR9tBbu2u6Isyoi80OyJTChh4=",
          "requires": {
            "ms": "http://r.cnpmjs.org/ms/download/ms-2.0.0.tgz"
          }
        }
      }
    },
    "bson": {
      "version": "https://registry.npm.taobao.org/bson/download/bson-1.0.4.tgz",
      "integrity": "sha1-k8ENOeqltYQVy8QFLz5T5WKwtyw="
    },
    "buffer-equal-constant-time": {
      "version": "1.0.1",
      "resolved": "http://registry.npm.taobao.org/buffer-equal-constant-time/download/buffer-equal-constant-time-1.0.1.tgz",
      "integrity": "sha1-+OcRMvf/5uAaXJaXpMbz5I1cyBk="
    },
    "buffer-shims": {
      "version": "https://registry.npm.taobao.org/buffer-shims/download/buffer-shims-1.0.0.tgz",
      "integrity": "sha1-mXjOMXOIxkmth5MCjDR37wRKi1E="
    },
    "bytes": {
      "version": "https://registry.npm.taobao.org/bytes/download/bytes-2.4.0.tgz",
      "integrity": "sha1-fZcZb51br39pNeJZhVSe3SpsIzk="
    },
    "content-disposition": {
      "version": "https://registry.npm.taobao.org/content-disposition/download/content-disposition-0.5.2.tgz",
      "integrity": "sha1-DPaLud318r55YcOoUXjLhdunjLQ="
    },
    "content-type": {
      "version": "https://registry.npm.taobao.org/content-type/download/content-type-1.0.2.tgz",
      "integrity": "sha1-t9ETrueo3Se9IRM8TcJSnfFyHu0="
    },
    "cookie": {
      "version": "http://r.cnpmjs.org/cookie/download/cookie-0.3.1.tgz",
      "integrity": "sha1-5+Ch+e9DtMi6klxcWpboBtFoc7s="
    },
    "cookie-parser": {
      "version": "https://registry.npm.taobao.org/cookie-parser/download/cookie-parser-1.4.3.tgz",
      "integrity": "sha1-D+MfoZ0AC5X0qt8fU/3CuKIDuqU=",
      "requires": {
        "cookie": "http://r.cnpmjs.org/cookie/download/cookie-0.3.1.tgz",
        "cookie-signature": "https://registry.npm.taobao.org/cookie-signature/download/cookie-signature-1.0.6.tgz"
      }
    },
    "cookie-signature": {
      "version": "https://registry.npm.taobao.org/cookie-signature/download/cookie-signature-1.0.6.tgz",
      "integrity": "sha1-4wOogrNCzD7oylE6eZmXNNqzriw="
    },
    "core-util-is": {
      "version": "http://r.cnpmjs.org/core-util-is/download/core-util-is-1.0.2.tgz",
      "integrity": "sha1-tf1UIgqivFq1eqtxQMlAdUUDwac="
    },
    "debug": {
      "version": "http://r.cnpmjs.org/debug/download/debug-2.6.8.tgz",
      "integrity": "sha1-5zFTHKLt4n0YgiJCfaF4IdaP9Pw=",
      "requires": {
        "ms": "http://r.cnpmjs.org/ms/download/ms-2.0.0.tgz"
      }
    },
    "depd": {
      "version": "https://registry.npm.taobao.org/depd/download/depd-1.1.1.tgz",
      "integrity": "sha1-V4O04cRZ8G+lyif5kfPQbnoxA1k="
    },
    "destroy": {
      "version": "http://r.cnpmjs.org/destroy/download/destroy-1.0.4.tgz",
      "integrity": "sha1-l4hXRCxEdJ5CBmE+N5RiBYJqvYA="
    },
    "ecdsa-sig-formatter": {
      "version": "1.0.9",
      "resolved": "http://registry.npm.taobao.org/ecdsa-sig-formatter/download/ecdsa-sig-formatter-1.0.9.tgz",
      "integrity": "sha1-S8kmJ07Dtau1AW5+HWCSGsJisqE=",
      "requires": {
        "base64url": "2.0.0",
        "safe-buffer": "https://registry.npm.taobao.org/safe-buffer/download/safe-buffer-5.0.1.tgz"
      }
    },
    "ee-first": {
      "version": "http://r.cnpmjs.org/ee-first/download/ee-first-1.1.1.tgz",
      "integrity": "sha1-WQxhFWsK4vTwJVcyoViyZrxWsh0="
    },
    "ejs": {
      "version": "https://registry.npm.taobao.org/ejs/download/ejs-2.5.7.tgz",
      "integrity": "sha1-zIcsFoiArjxxiXYv1f/ACJbJUYo="
    },
    "encodeurl": {
      "version": "http://r.cnpmjs.org/encodeurl/download/encodeurl-1.0.1.tgz",
      "integrity": "sha1-eePVhlU0aQn+bw9Fpd5oEDspTSA="
    },
    "es6-promise": {
      "version": "https://registry.npm.taobao.org/es6-promise/download/es6-promise-3.2.1.tgz",
      "integrity": "sha1-7FYjOGgDKQkgcXDDlEjiREndH8Q="
    },
    "escape-html": {
      "version": "http://r.cnpmjs.org/escape-html/download/escape-html-1.0.3.tgz",
      "integrity": "sha1-Aljq5NPQwJdN4cFpGI7wBR0dGYg="
    },
    "etag": {
      "version": "http://r.cnpmjs.org/etag/download/etag-1.8.0.tgz",
      "integrity": "sha1-b2Ma7zNtbEY2K1F2QETOIWvjwFE="
    },
    "express": {
      "version": "https://registry.npm.taobao.org/express/download/express-4.15.3.tgz",
      "integrity": "sha1-urZdDwOqgMNYQIly/HAPkWlEtmI=",
      "requires": {
        "accepts": "http://r.cnpmjs.org/accepts/download/accepts-1.3.3.tgz",
        "array-flatten": "https://registry.npm.taobao.org/array-flatten/download/array-flatten-1.1.1.tgz",
        "content-disposition": "https://registry.npm.taobao.org/content-disposition/download/content-disposition-0.5.2.tgz",
        "content-type": "https://registry.npm.taobao.org/content-type/download/content-type-1.0.2.tgz",
        "cookie": "http://r.cnpmjs.org/cookie/download/cookie-0.3.1.tgz",
        "cookie-signature": "https://registry.npm.taobao.org/cookie-signature/download/cookie-signature-1.0.6.tgz",
        "debug": "https://registry.npm.taobao.org/debug/download/debug-2.6.7.tgz",
        "depd": "https://registry.npm.taobao.org/depd/download/depd-1.1.1.tgz",
        "encodeurl": "http://r.cnpmjs.org/encodeurl/download/encodeurl-1.0.1.tgz",
        "escape-html": "http://r.cnpmjs.org/escape-html/download/escape-html-1.0.3.tgz",
        "etag": "http://r.cnpmjs.org/etag/download/etag-1.8.0.tgz",
        "finalhandler": "https://registry.npm.taobao.org/finalhandler/download/finalhandler-1.0.3.tgz",
        "fresh": "http://r.cnpmjs.org/fresh/download/fresh-0.5.0.tgz",
        "merge-descriptors": "https://registry.npm.taobao.org/merge-descriptors/download/merge-descriptors-1.0.1.tgz",
        "methods": "https://registry.npm.taobao.org/methods/download/methods-1.1.2.tgz",
        "on-finished": "http://r.cnpmjs.org/on-finished/download/on-finished-2.3.0.tgz",
        "parseurl": "http://r.cnpmjs.org/parseurl/download/parseurl-1.3.1.tgz",
        "path-to-regexp": "https://registry.npm.taobao.org/path-to-regexp/download/path-to-regexp-0.1.7.tgz",
        "proxy-addr": "https://registry.npm.taobao.org/proxy-addr/download/proxy-addr-1.1.5.tgz",
        "qs": "https://registry.npm.taobao.org/qs/download/qs-6.4.0.tgz",
        "range-parser": "http://r.cnpmjs.org/range-parser/download/range-parser-1.2.0.tgz",
        "send": "https://registry.npm.taobao.org/send/download/send-0.15.3.tgz",
        "serve-static": "https://registry.npm.taobao.org/serve-static/download/serve-static-1.12.3.tgz",
        "setprototypeof": "http://r.cnpmjs.org/setprototypeof/download/setprototypeof-1.0.3.tgz",
        "statuses": "http://r.cnpmjs.org/statuses/download/statuses-1.3.1.tgz",
        "type-is": "https://registry.npm.taobao.org/type-is/download/type-is-1.6.15.tgz",
        "utils-merge": "http://r.cnpmjs.org/utils-merge/download/utils-merge-1.0.0.tgz",
        "vary": "https://registry.npm.taobao.org/vary/download/vary-1.1.1.tgz"
      },
      "dependencies": {
        "debug": {
          "version": "https://registry.npm.taobao.org/debug/download/debug-2.6.7.tgz",
          "integrity": "sha1-krrR9tBbu2u6Isyoi80OyJTChh4=",
          "requires": {
            "ms": "http://r.cnpmjs.org/ms/download/ms-2.0.0.tgz"
          }
        }
      }
    },
    "finalhandler": {
      "version": "https://registry.npm.taobao.org/finalhandler/download/finalhandler-1.0.3.tgz",
      "integrity": "sha1-70fneVDpmXgOhgIqVg4yF+DQzIk=",
      "requires": {
        "debug": "https://registry.npm.taobao.org/debug/download/debug-2.6.7.tgz",
        "encodeurl": "http://r.cnpmjs.org/encodeurl/download/encodeurl-1.0.1.tgz",
        "escape-html": "http://r.cnpmjs.org/escape-html/download/escape-html-1.0.3.tgz",
        "on-finished": "http://r.cnpmjs.org/on-finished/download/on-finished-2.3.0.tgz",
        "parseurl": "http://r.cnpmjs.org/parseurl/download/parseurl-1.3.1.tgz",
        "statuses": "http://r.cnpmjs.org/statuses/download/statuses-1.3.1.tgz",
        "unpipe": "http://r.cnpmjs.org/unpipe/download/unpipe-1.0.0.tgz"
      },
      "dependencies": {
        "debug": {
          "version": "https://registry.npm.taobao.org/debug/download/debug-2.6.7.tgz",
          "integrity": "sha1-krrR9tBbu2u6Isyoi80OyJTChh4=",
          "requires": {
            "ms": "http://r.cnpmjs.org/ms/download/ms-2.0.0.tgz"
          }
        }
      }
    },
    "forwarded": {
      "version": "https://registry.npm.taobao.org/forwarded/download/forwarded-0.1.0.tgz",
      "integrity": "sha1-Ge+YdMSuHCl7zweP3mOgm2aoQ2M="
    },
    "fresh": {
      "version": "http://r.cnpmjs.org/fresh/download/fresh-0.5.0.tgz",
      "integrity": "sha1-9HTKXmqSRtb9jglTz6m5yAWvp44="
    },
    "hoek": {
      "version": "2.16.3",
      "resolved": "http://registry.npm.taobao.org/hoek/download/hoek-2.16.3.tgz",
      "integrity": "sha1-ILt0A9POo5jpHcRxCo/xuCdKJe0="
    },
    "hooks-fixed": {
      "version": "https://registry.npm.taobao.org/hooks-fixed/download/hooks-fixed-2.0.0.tgz",
      "integrity": "sha1-oB2JTVKsf2WZu7H2PfycQR33DLo="
    },
    "http-errors": {
      "version": "http://r.cnpmjs.org/http-errors/download/http-errors-1.6.1.tgz",
      "integrity": "sha1-X4uO2YrKVFZWv1cplzh/kEpyIlc=",
      "requires": {
        "depd": "http://r.cnpmjs.org/depd/download/depd-1.1.0.tgz",
        "inherits": "http://r.cnpmjs.org/inherits/download/inherits-2.0.3.tgz",
        "setprototypeof": "http://r.cnpmjs.org/setprototypeof/download/setprototypeof-1.0.3.tgz",
        "statuses": "http://r.cnpmjs.org/statuses/download/statuses-1.3.1.tgz"
      },
      "dependencies": {
        "depd": {
          "version": "http://r.cnpmjs.org/depd/download/depd-1.1.0.tgz",
          "integrity": "sha1-4b2Cxqq2ztlluXuIsX7T5SjKGMM="
        }
      }
    },
    "iconv-lite": {
      "version": "https://registry.npm.taobao.org/iconv-lite/download/iconv-lite-0.4.15.tgz",
      "integrity": "sha1-/iZaIYrGpXz+hUkn6dBMGYJe3es="
    },
    "inherits": {
      "version": "http://r.cnpmjs.org/inherits/download/inherits-2.0.3.tgz",
      "integrity": "sha1-Yzwsg+PaQqUC9SRmAiSA9CCCYd4="
    },
    "ipaddr.js": {
      "version": "https://registry.npm.taobao.org/ipaddr.js/download/ipaddr.js-1.4.0.tgz",
      "integrity": "sha1-KWrKh4qCGBbluF0KKFqZvP9FgvA="
    },
    "isarray": {
      "version": "http://r.cnpmjs.org/isarray/download/isarray-1.0.0.tgz",
      "integrity": "sha1-u5NdSFgsuhaMBoNJV6VKPgcSTxE="
    },
    "isemail": {
      "version": "1.2.0",
      "resolved": "http://registry.npm.taobao.org/isemail/download/isemail-1.2.0.tgz",
      "integrity": "sha1-vgPfjMPineTSxd9lASY/H6RZXpo="
    },
    "joi": {
      "version": "6.10.1",
      "resolved": "http://registry.npm.taobao.org/joi/download/joi-6.10.1.tgz",
      "integrity": "sha1-TVDDGAeRIgAP5fFq8f+OGRe3fgY=",
      "requires": {
        "hoek": "2.16.3",
        "isemail": "1.2.0",
        "moment": "2.18.1",
        "topo": "1.1.0"
      }
    },
    "jsonwebtoken": {
      "version": "7.4.2",
      "resolved": "http://registry.npm.taobao.org/jsonwebtoken/download/jsonwebtoken-7.4.2.tgz",
      "integrity": "sha1-VxuQPAfodcD8WSA9GseGZ9gOCc0=",
      "requires": {
        "joi": "6.10.1",
        "jws": "3.1.4",
        "lodash.once": "4.1.1",
        "ms": "http://r.cnpmjs.org/ms/download/ms-2.0.0.tgz",
        "xtend": "4.0.1"
      }
    },
    "jwa": {
      "version": "1.1.5",
      "resolved": "http://registry.npm.taobao.org/jwa/download/jwa-1.1.5.tgz",
      "integrity": "sha1-oFUs4CIHQs1S4VN3SjKQXDDnVuU=",
      "requires": {
        "base64url": "2.0.0",
        "buffer-equal-constant-time": "1.0.1",
        "ecdsa-sig-formatter": "1.0.9",
        "safe-buffer": "https://registry.npm.taobao.org/safe-buffer/download/safe-buffer-5.0.1.tgz"
      }
    },
    "jws": {
      "version": "3.1.4",
      "resolved": "http://registry.npm.taobao.org/jws/download/jws-3.1.4.tgz",
      "integrity": "sha1-+ei5M46KhHJ31kRLFGT2GIDgUKI=",
      "requires": {
        "base64url": "2.0.0",
        "jwa": "1.1.5",
        "safe-buffer": "https://registry.npm.taobao.org/safe-buffer/download/safe-buffer-5.0.1.tgz"
      }
    },
    "kareem": {
      "version": "https://registry.npm.taobao.org/kareem/download/kareem-1.5.0.tgz",
      "integrity": "sha1-4+QQHZ3P3imXadr0tNtk2JXRdEg="
    },
    "lodash": {
      "version": "http://r.cnpmjs.org/lodash/download/lodash-4.17.4.tgz",
      "integrity": "sha1-eCA6TRwyiuHYbcpkYONptX9AVa4="
    },
    "lodash.once": {
      "version": "4.1.1",
      "resolved": "http://registry.npm.taobao.org/lodash.once/download/lodash.once-4.1.1.tgz",
      "integrity": "sha1-DdOXEhPHxW34gJd9UEyI+0cal6w="
    },
    "media-typer": {
      "version": "https://registry.npm.taobao.org/media-typer/download/media-typer-0.3.0.tgz",
      "integrity": "sha1-hxDXrwqmJvj/+hzgAWhUUmMlV0g="
    },
    "merge-descriptors": {
      "version": "https://registry.npm.taobao.org/merge-descriptors/download/merge-descriptors-1.0.1.tgz",
      "integrity": "sha1-sAqqVW3YtEVoFQ7J0blT8/kMu2E="
    },
    "methods": {
      "version": "https://registry.npm.taobao.org/methods/download/methods-1.1.2.tgz",
      "integrity": "sha1-VSmk1nZUE07cxSZmVoNbD4Ua/O4="
    },
    "mime": {
      "version": "http://r.cnpmjs.org/mime/download/mime-1.3.4.tgz",
      "integrity": "sha1-EV+eO2s9rylZmDyzjxSaLUDrXVM="
    },
    "mime-db": {
      "version": "https://registry.npm.taobao.org/mime-db/download/mime-db-1.29.0.tgz",
      "integrity": "sha1-SNJtI1WJZRcErFkWygYAGRQmaHg="
    },
    "mime-types": {
      "version": "https://registry.npm.taobao.org/mime-types/download/mime-types-2.1.16.tgz",
      "integrity": "sha1-K4WKUuXs1RbbiXrCvodIeDBpjiM=",
      "requires": {
        "mime-db": "https://registry.npm.taobao.org/mime-db/download/mime-db-1.29.0.tgz"
      }
    },
    "moment": {
      "version": "2.18.1",
      "resolved": "http://registry.npm.taobao.org/moment/download/moment-2.18.1.tgz",
      "integrity": "sha1-w2GT3Tzhwu7SrbfIAtu8d6gbHA8="
    },
    "mongodb": {
      "version": "https://registry.npm.taobao.org/mongodb/download/mongodb-2.2.27.tgz",
      "integrity": "sha1-NBIgNNtm2YO89qta2yaiSnD+9uY=",
      "requires": {
        "es6-promise": "https://registry.npm.taobao.org/es6-promise/download/es6-promise-3.2.1.tgz",
        "mongodb-core": "https://registry.npm.taobao.org/mongodb-core/download/mongodb-core-2.1.11.tgz",
        "readable-stream": "https://registry.npm.taobao.org/readable-stream/download/readable-stream-2.2.7.tgz"
      }
    },
    "mongodb-core": {
      "version": "https://registry.npm.taobao.org/mongodb-core/download/mongodb-core-2.1.11.tgz",
      "integrity": "sha1-HDh3bOsXSZepnCiGDu2QKNqbPho=",
      "requires": {
        "bson": "https://registry.npm.taobao.org/bson/download/bson-1.0.4.tgz",
        "require_optional": "https://registry.npm.taobao.org/require_optional/download/require_optional-1.0.1.tgz"
      }
    },
    "mongoose": {
      "version": "https://registry.npm.taobao.org/mongoose/download/mongoose-4.11.4.tgz",
      "integrity": "sha1-PXQREQXui2GescHXkOe/xOjLp7s=",
      "requires": {
        "async": "https://registry.npm.taobao.org/async/download/async-2.1.4.tgz",
        "bson": "https://registry.npm.taobao.org/bson/download/bson-1.0.4.tgz",
        "hooks-fixed": "https://registry.npm.taobao.org/hooks-fixed/download/hooks-fixed-2.0.0.tgz",
        "kareem": "https://registry.npm.taobao.org/kareem/download/kareem-1.5.0.tgz",
        "mongodb": "https://registry.npm.taobao.org/mongodb/download/mongodb-2.2.27.tgz",
        "mpath": "https://registry.npm.taobao.org/mpath/download/mpath-0.3.0.tgz",
        "mpromise": "https://registry.npm.taobao.org/mpromise/download/mpromise-0.5.5.tgz",
        "mquery": "https://registry.npm.taobao.org/mquery/download/mquery-2.3.1.tgz",
        "ms": "http://r.cnpmjs.org/ms/download/ms-2.0.0.tgz",
        "muri": "https://registry.npm.taobao.org/muri/download/muri-1.2.2.tgz",
        "regexp-clone": "https://registry.npm.taobao.org/regexp-clone/download/regexp-clone-0.0.1.tgz",
        "sliced": "https://registry.npm.taobao.org/sliced/download/sliced-1.0.1.tgz"
      }
    },
    "morgan": {
      "version": "https://registry.npm.taobao.org/morgan/download/morgan-1.8.2.tgz",
      "integrity": "sha1-eErHc05KRTqcbm6GgKkyknXItoc=",
      "requires": {
        "basic-auth": "https://registry.npm.taobao.org/basic-auth/download/basic-auth-1.1.0.tgz",
        "debug": "http://r.cnpmjs.org/debug/download/debug-2.6.8.tgz",
        "depd": "https://registry.npm.taobao.org/depd/download/depd-1.1.1.tgz",
        "on-finished": "http://r.cnpmjs.org/on-finished/download/on-finished-2.3.0.tgz",
        "on-headers": "https://registry.npm.taobao.org/on-headers/download/on-headers-1.0.1.tgz"
      }
    },
    "mpath": {
      "version": "https://registry.npm.taobao.org/mpath/download/mpath-0.3.0.tgz",
      "integrity": "sha1-elj3iem1/TyUUgY0FXlg8mvV70Q="
    },
    "mpromise": {
      "version": "https://registry.npm.taobao.org/mpromise/download/mpromise-0.5.5.tgz",
      "integrity": "sha1-9bJCWddjrMIlewoMjG2Gb9UXMuY="
    },
    "mquery": {
      "version": "https://registry.npm.taobao.org/mquery/download/mquery-2.3.1.tgz",
      "integrity": "sha1-mrNnSXFIAP8LtTpoHOS8TV8HyHs=",
      "requires": {
        "bluebird": "https://registry.npm.taobao.org/bluebird/download/bluebird-2.10.2.tgz",
        "debug": "http://r.cnpmjs.org/debug/download/debug-2.6.8.tgz",
        "regexp-clone": "https://registry.npm.taobao.org/regexp-clone/download/regexp-clone-0.0.1.tgz",
        "sliced": "https://registry.npm.taobao.org/sliced/download/sliced-0.0.5.tgz"
      },
      "dependencies": {
        "bluebird": {
          "version": "https://registry.npm.taobao.org/bluebird/download/bluebird-2.10.2.tgz",
          "integrity": "sha1-AkpVFylTCIV/FPkfEQb8O1VfRGs="
        },
        "sliced": {
          "version": "https://registry.npm.taobao.org/sliced/download/sliced-0.0.5.tgz",
          "integrity": "sha1-XtwETKTrb3gW1Qui/GPiXY/kcH8="
        }
      }
    },
    "ms": {
      "version": "http://r.cnpmjs.org/ms/download/ms-2.0.0.tgz",
      "integrity": "sha1-VgiurfwAvmwpAd9fmGF4jeDVl8g="
    },
    "muri": {
      "version": "https://registry.npm.taobao.org/muri/download/muri-1.2.2.tgz",
      "integrity": "sha1-YxmBMmUNsIoEzHnM0A3Tia/SYxw="
    },
    "negotiator": {
      "version": "http://r.cnpmjs.org/negotiator/download/negotiator-0.6.1.tgz",
      "integrity": "sha1-KzJxhOiZIQEXeyhWP7XnECrNDKk="
    },
    "on-finished": {
      "version": "http://r.cnpmjs.org/on-finished/download/on-finished-2.3.0.tgz",
      "integrity": "sha1-IPEzZIGwg811M3mSoWlxqi2QaUc=",
      "requires": {
        "ee-first": "http://r.cnpmjs.org/ee-first/download/ee-first-1.1.1.tgz"
      }
    },
    "on-headers": {
      "version": "https://registry.npm.taobao.org/on-headers/download/on-headers-1.0.1.tgz",
      "integrity": "sha1-ko9dD0cNSTQmUepnlLCFfBAGk/c="
    },
    "parseurl": {
      "version": "http://r.cnpmjs.org/parseurl/download/parseurl-1.3.1.tgz",
      "integrity": "sha1-yKuMkiO6NIiKpkopeyiFO+wY2lY="
    },
    "path-to-regexp": {
      "version": "https://registry.npm.taobao.org/path-to-regexp/download/path-to-regexp-0.1.7.tgz",
      "integrity": "sha1-32BBeABfUi8V60SQ5yR6G/qmf4w="
    },
    "process-nextick-args": {
      "version": "http://r.cnpmjs.org/process-nextick-args/download/process-nextick-args-1.0.7.tgz",
      "integrity": "sha1-FQ4gt1ZZCtP5EJPyWk8q2L/zC6M="
    },
    "proxy-addr": {
      "version": "https://registry.npm.taobao.org/proxy-addr/download/proxy-addr-1.1.5.tgz",
      "integrity": "sha1-ccDuOxAt4/IC87ZPYI0XP8uhqRg=",
      "requires": {
        "forwarded": "https://registry.npm.taobao.org/forwarded/download/forwarded-0.1.0.tgz",
        "ipaddr.js": "https://registry.npm.taobao.org/ipaddr.js/download/ipaddr.js-1.4.0.tgz"
      }
    },
    "qs": {
      "version": "https://registry.npm.taobao.org/qs/download/qs-6.4.0.tgz",
      "integrity": "sha1-E+JtKK1rD/qpExLNO/cI7TUecjM="
    },
    "range-parser": {
      "version": "http://r.cnpmjs.org/range-parser/download/range-parser-1.2.0.tgz",
      "integrity": "sha1-9JvmtIeJTdxA3MlKMi9hEJLgDV4="
    },
    "raw-body": {
      "version": "https://registry.npm.taobao.org/raw-body/download/raw-body-2.2.0.tgz",
      "integrity": "sha1-mUl2z2pQlqQRYoQEkvC9xdbn+5Y=",
      "requires": {
        "bytes": "https://registry.npm.taobao.org/bytes/download/bytes-2.4.0.tgz",
        "iconv-lite": "https://registry.npm.taobao.org/iconv-lite/download/iconv-lite-0.4.15.tgz",
        "unpipe": "http://r.cnpmjs.org/unpipe/download/unpipe-1.0.0.tgz"
      }
    },
    "readable-stream": {
      "version": "https://registry.npm.taobao.org/readable-stream/download/readable-stream-2.2.7.tgz",
      "integrity": "sha1-BwV6y+JGeyIELTb5jFrVBwVOlbE=",
      "requires": {
        "buffer-shims": "https://registry.npm.taobao.org/buffer-shims/download/buffer-shims-1.0.0.tgz",
        "core-util-is": "http://r.cnpmjs.org/core-util-is/download/core-util-is-1.0.2.tgz",
        "inherits": "http://r.cnpmjs.org/inherits/download/inherits-2.0.3.tgz",
        "isarray": "http://r.cnpmjs.org/isarray/download/isarray-1.0.0.tgz",
        "process-nextick-args": "http://r.cnpmjs.org/process-nextick-args/download/process-nextick-args-1.0.7.tgz",
        "string_decoder": "http://r.cnpmjs.org/string_decoder/download/string_decoder-1.0.3.tgz",
        "util-deprecate": "http://r.cnpmjs.org/util-deprecate/download/util-deprecate-1.0.2.tgz"
      }
    },
    "regexp-clone": {
      "version": "https://registry.npm.taobao.org/regexp-clone/download/regexp-clone-0.0.1.tgz",
      "integrity": "sha1-p8LgmJH9vzj7sQ03b7cwA+aKxYk="
    },
    "require_optional": {
      "version": "https://registry.npm.taobao.org/require_optional/download/require_optional-1.0.1.tgz",
      "integrity": "sha1-TPNaQkf2TKPfjC7yCMxJSxyo/C4=",
      "requires": {
        "resolve-from": "https://registry.npm.taobao.org/resolve-from/download/resolve-from-2.0.0.tgz",
        "semver": "https://registry.npm.taobao.org/semver/download/semver-5.4.1.tgz"
      }
    },
    "resolve-from": {
      "version": "https://registry.npm.taobao.org/resolve-from/download/resolve-from-2.0.0.tgz",
      "integrity": "sha1-lICrIOlP+h2egKgEx+oUdhGWa1c="
    },
    "safe-buffer": {
      "version": "https://registry.npm.taobao.org/safe-buffer/download/safe-buffer-5.0.1.tgz",
      "integrity": "sha1-0mPKVGls2KMGtcplUekt5XkY++c="
    },
    "semver": {
      "version": "https://registry.npm.taobao.org/semver/download/semver-5.4.1.tgz",
      "integrity": "sha1-4FnAnYVx8FQII3M0M1BdOi8AsY4="
    },
    "send": {
      "version": "https://registry.npm.taobao.org/send/download/send-0.15.3.tgz",
      "integrity": "sha1-UBP5+ZAj31DRvZiSwZ4979HVMwk=",
      "requires": {
        "debug": "https://registry.npm.taobao.org/debug/download/debug-2.6.7.tgz",
        "depd": "https://registry.npm.taobao.org/depd/download/depd-1.1.1.tgz",
        "destroy": "http://r.cnpmjs.org/destroy/download/destroy-1.0.4.tgz",
        "encodeurl": "http://r.cnpmjs.org/encodeurl/download/encodeurl-1.0.1.tgz",
        "escape-html": "http://r.cnpmjs.org/escape-html/download/escape-html-1.0.3.tgz",
        "etag": "http://r.cnpmjs.org/etag/download/etag-1.8.0.tgz",
        "fresh": "http://r.cnpmjs.org/fresh/download/fresh-0.5.0.tgz",
        "http-errors": "http://r.cnpmjs.org/http-errors/download/http-errors-1.6.1.tgz",
        "mime": "http://r.cnpmjs.org/mime/download/mime-1.3.4.tgz",
        "ms": "http://r.cnpmjs.org/ms/download/ms-2.0.0.tgz",
        "on-finished": "http://r.cnpmjs.org/on-finished/download/on-finished-2.3.0.tgz",
        "range-parser": "http://r.cnpmjs.org/range-parser/download/range-parser-1.2.0.tgz",
        "statuses": "http://r.cnpmjs.org/statuses/download/statuses-1.3.1.tgz"
      },
      "dependencies": {
        "debug": {
          "version": "https://registry.npm.taobao.org/debug/download/debug-2.6.7.tgz",
          "integrity": "sha1-krrR9tBbu2u6Isyoi80OyJTChh4=",
          "requires": {
            "ms": "http://r.cnpmjs.org/ms/download/ms-2.0.0.tgz"
          }
        }
      }
    },
    "serve-favicon": {
      "version": "https://registry.npm.taobao.org/serve-favicon/download/serve-favicon-2.4.3.tgz",
      "integrity": "sha1-WYaxewUCZCtkHCH4GLGszjICXSM=",
      "requires": {
        "etag": "http://r.cnpmjs.org/etag/download/etag-1.8.0.tgz",
        "fresh": "http://r.cnpmjs.org/fresh/download/fresh-0.5.0.tgz",
        "ms": "http://r.cnpmjs.org/ms/download/ms-2.0.0.tgz",
        "parseurl": "http://r.cnpmjs.org/parseurl/download/parseurl-1.3.1.tgz",
        "safe-buffer": "https://registry.npm.taobao.org/safe-buffer/download/safe-buffer-5.0.1.tgz"
      }
    },
    "serve-static": {
      "version": "https://registry.npm.taobao.org/serve-static/download/serve-static-1.12.3.tgz",
      "integrity": "sha1-n0uhni8wMMVH+K+ZEHg47DjVseI=",
      "requires": {
        "encodeurl": "http://r.cnpmjs.org/encodeurl/download/encodeurl-1.0.1.tgz",
        "escape-html": "http://r.cnpmjs.org/escape-html/download/escape-html-1.0.3.tgz",
        "parseurl": "http://r.cnpmjs.org/parseurl/download/parseurl-1.3.1.tgz",
        "send": "https://registry.npm.taobao.org/send/download/send-0.15.3.tgz"
      }
    },
    "setprototypeof": {
      "version": "http://r.cnpmjs.org/setprototypeof/download/setprototypeof-1.0.3.tgz",
      "integrity": "sha1-ZlZ+NwQ+608E2RvWWMDL77VbjgQ="
    },
    "sliced": {
      "version": "https://registry.npm.taobao.org/sliced/download/sliced-1.0.1.tgz",
      "integrity": "sha1-CzpmK10Ewxd7GSa+qCsD+Dei70E="
    },
    "statuses": {
      "version": "http://r.cnpmjs.org/statuses/download/statuses-1.3.1.tgz",
      "integrity": "sha1-+vUbnrdKrvOzrPStX2Gr8ky3uT4="
    },
    "string_decoder": {
      "version": "http://r.cnpmjs.org/string_decoder/download/string_decoder-1.0.3.tgz",
      "integrity": "sha1-D8Z9fBQYJd6UKC3VNr7GubzoYKs=",
      "requires": {
        "safe-buffer": "http://r.cnpmjs.org/safe-buffer/download/safe-buffer-5.1.1.tgz"
      },
      "dependencies": {
        "safe-buffer": {
          "version": "http://r.cnpmjs.org/safe-buffer/download/safe-buffer-5.1.1.tgz",
          "integrity": "sha1-iTMSr2myEj3vcfV4iQAWce6yyFM="
        }
      }
    },
    "topo": {
      "version": "1.1.0",
      "resolved": "http://registry.npm.taobao.org/topo/download/topo-1.1.0.tgz",
      "integrity": "sha1-6ddRYV0buH3IZdsYL6HKCl71NtU=",
      "requires": {
        "hoek": "2.16.3"
      }
    },
    "type-is": {
      "version": "https://registry.npm.taobao.org/type-is/download/type-is-1.6.15.tgz",
      "integrity": "sha1-yrEPtJCeRByChC6v4a1kbIGARBA=",
      "requires": {
        "media-typer": "https://registry.npm.taobao.org/media-typer/download/media-typer-0.3.0.tgz",
        "mime-types": "https://registry.npm.taobao.org/mime-types/download/mime-types-2.1.16.tgz"
      }
    },
    "unpipe": {
      "version": "http://r.cnpmjs.org/unpipe/download/unpipe-1.0.0.tgz",
      "integrity": "sha1-sr9O6FFKrmFltIF4KdIbLvSZBOw="
    },
    "util-deprecate": {
      "version": "http://r.cnpmjs.org/util-deprecate/download/util-deprecate-1.0.2.tgz",
      "integrity": "sha1-RQ1Nyfpw3nMnYvvS1KKJgUGaDM8="
    },
    "utils-merge": {
      "version": "http://r.cnpmjs.org/utils-merge/download/utils-merge-1.0.0.tgz",
      "integrity": "sha1-ApT7kiu5N1FTVBxPcJYjHyh8ivg="
    },
    "vary": {
      "version": "https://registry.npm.taobao.org/vary/download/vary-1.1.1.tgz",
      "integrity": "sha1-Z1Neu2lMHVIldFeYRmUyP1h+jTc="
    },
    "xtend": {
      "version": "4.0.1",
      "resolved": "http://registry.npm.taobao.org/xtend/download/xtend-4.0.1.tgz",
      "integrity": "sha1-pcbVMr5lbiPbgg77lDofBJmNY68="
    }
  }
}
